
Microsoft Visual Studio Solution File, Format Version 12.00
# Visual Studio Version 16
VisualStudioVersion = 16.0.28917.182
MinimumVisualStudioVersion = 10.0.40219.1
Project("{FAE04EC0-301F-11D3-BF4B-00C04F79EFBC}") = "SMTest", "SMTest\SMTest.csproj", "{E3514E73-59A5-40B4-A02F-273F50F256BD}"
EndProject
Project("{FAE04EC0-301F-11D3-BF4B-00C04F79EFBC}") = "GraphDisplay", "GraphDisplay\GraphDisplay.csproj", "{806E307F-D4D9-4BE5-A466-F0279D403570}"
EndProject
Project("{FAE04EC0-301F-11D3-BF4B-00C04F79EFBC}") = "RLStateMachine", "RLStateMachine\RLStateMachine.csproj", "{5B497F2B-162A-433F-8530-105D9F83E252}"
EndProject
Global
	GlobalSection(SolutionConfigurationPlatforms) = preSolution
		Debug|Any CPU = Debug|Any CPU
		Release|Any CPU = Release|Any CPU
	EndGlobalSection
	GlobalSection(ProjectConfigurationPlatforms) = postSolution
		{E3514E73-59A5-40B4-A02F-273F50F256BD}.Debug|Any CPU.ActiveCfg = Debug|Any CPU
		{E3514E73-59A5-40B4-A02F-273F50F256BD}.Debug|Any CPU.Build.0 = Debug|Any CPU
		{E3514E73-59A5-40B4-A02F-273F50F256BD}.Release|Any CPU.ActiveCfg = Release|Any CPU
		{E3514E73-59A5-40B4-A02F-273F50F256BD}.Release|Any CPU.Build.0 = Release|Any CPU
		{806E307F-D4D9-4BE5-A466-F0279D403570}.Debug|Any CPU.ActiveCfg = Debug|Any CPU
		{806E307F-D4D9-4BE5-A466-F0279D403570}.Debug|Any CPU.Build.0 = Debug|Any CPU
		{806E307F-D4D9-4BE5-A466-F0279D403570}.Release|Any CPU.ActiveCfg = Release|Any CPU
		{806E307F-D4D9-4BE5-A466-F0279D403570}.Release|Any CPU.Build.0 = Release|Any CPU
		{5B497F2B-162A-433F-8530-105D9F83E252}.Debug|Any CPU.ActiveCfg = Debug|Any CPU
		{5B497F2B-162A-433F-8530-105D9F83E252}.Debug|Any CPU.Build.0 = Debug|Any CPU
		{5B497F2B-162A-433F-8530-105D9F83E252}.Release|Any CPU.ActiveCfg = Release|Any CPU
		{5B497F2B-162A-433F-8530-105D9F83E252}.Release|Any CPU.Build.0 = Release|Any CPU
	EndGlobalSection
	GlobalSection(SolutionProperties) = preSolution
		HideSolutionNode = FALSE
	EndGlobalSection
	GlobalSection(ExtensibilityGlobals) = postSolution
		SolutionGuid = {44B65F36-E4B5-4238-A405-854956DFFCB3}
	EndGlobalSection
EndGlobal
